
Microsoft Visual Studio Solution File, Format Version 12.00
# Visual Studio 2013
VisualStudioVersion = 12.0.31101.0
MinimumVisualStudioVersion = 10.0.40219.1
Project("{FAE04EC0-301F-11D3-BF4B-00C04F79EFBC}") = "Tabl_chast8.ODataBackend", "ODataBackend/Tabl_chast8.ODataBackend.csproj", "{D514EE42-D524-43CC-8781-0105319129E7}"
EndProject
Project("{FAE04EC0-301F-11D3-BF4B-00C04F79EFBC}") = "Tabl_chast8.Objects", "Objects/Tabl_chast8.Objects.csproj", "{D3188CA2-0160-4A9C-87DF-72D15E2C2030}"
EndProject
Global
	GlobalSection(SolutionConfigurationPlatforms) = preSolution
Debug|Any CPU = Debug|Any CPU
Release|Any CPU = Release|Any CPU
	EndGlobalSection
	GlobalSection(ProjectConfigurationPlatforms) = postSolution
		{D514EE42-D524-43CC-8781-0105319129E7}.Debug|Any CPU.ActiveCfg = Debug|Any CPU
		{D514EE42-D524-43CC-8781-0105319129E7}.Debug|Any CPU.Build.0 = Debug|Any CPU
		{D514EE42-D524-43CC-8781-0105319129E7}.Release|Any CPU.ActiveCfg = Release|Any CPU
		{D514EE42-D524-43CC-8781-0105319129E7}.Release|Any CPU.Build.0 = Release|Any CPU
		{D3188CA2-0160-4A9C-87DF-72D15E2C2030}.Debug|Any CPU.ActiveCfg = Debug|Any CPU
		{D3188CA2-0160-4A9C-87DF-72D15E2C2030}.Debug|Any CPU.Build.0 = Debug|Any CPU
		{D3188CA2-0160-4A9C-87DF-72D15E2C2030}.Release|Any CPU.ActiveCfg = Release|Any CPU
		{D3188CA2-0160-4A9C-87DF-72D15E2C2030}.Release|Any CPU.Build.0 = Release|Any CPU
	EndGlobalSection
	GlobalSection(SolutionProperties) = preSolution
		HideSolutionNode = FALSE
	EndGlobalSection
EndGlobal
